{
  "name": "easyeda-to-circuit-json",
  "version": "0.0.0",
  "lockfileVersion": 3,
  "requires": true,
  "packages": {
    "": {
      "name": "easyeda-to-circuit-json",
      "version": "0.0.0",
      "dependencies": {
        "circuit-json": "*",
        "zod": "^3.25.76"
      },
      "devDependencies": {
        "@resvg/resvg-js": "^2.6.2",
        "@tscircuit/circuit-json-util": "^0.0.94",
        "circuit-json-to-connectivity-map": "^0.0.23",
        "circuit-to-svg": "^0.0.345",
        "schematic-symbols": "^0.0.224"
      }
    },
    "node_modules/@resvg/resvg-js": {
      "version": "2.6.2",
      "resolved": "https://registry.npmjs.org/@resvg/resvg-js/-/resvg-js-2.6.2.tgz",
      "integrity": "sha512-xBaJish5OeGmniDj9cW5PRa/PtmuVU3ziqrbr5xJj901ZDN4TosrVaNZpEiLZAxdfnhAe7uQ7QFWfjPe9d9K2Q==",
      "dev": true,
      "engines": {
        "node": ">= 10"
      },
      "optionalDependencies": {
        "@resvg/resvg-js-android-arm-eabi": "2.6.2",
        "@resvg/resvg-js-android-arm64": "2.6.2",
        "@resvg/resvg-js-darwin-arm64": "2.6.2",
        "@resvg/resvg-js-darwin-x64": "2.6.2",
        "@resvg/resvg-js-linux-arm-gnueabihf": "2.6.2",
        "@resvg/resvg-js-linux-arm64-gnu": "2.6.2",
        "@resvg/resvg-js-linux-arm64-musl": "2.6.2",
        "@resvg/resvg-js-linux-x64-gnu": "2.6.2",
        "@resvg/resvg-js-linux-x64-musl": "2.6.2",
        "@resvg/resvg-js-win32-arm64-msvc": "2.6.2",
        "@resvg/resvg-js-win32-ia32-msvc": "2.6.2",
        "@resvg/resvg-js-win32-x64-msvc": "2.6.2"
      }
    },
    "node_modules/@resvg/resvg-js-android-arm-eabi": {
      "version": "2.6.2",
      "resolved": "https://registry.npmjs.org/@resvg/resvg-js-android-arm-eabi/-/resvg-js-android-arm-eabi-2.6.2.tgz",
      "integrity": "sha512-FrJibrAk6v29eabIPgcTUMPXiEz8ssrAk7TXxsiZzww9UTQ1Z5KAbFJs+Z0Ez+VZTYgnE5IQJqBcoSiMebtPHA==",
      "cpu": [
        "arm"
      ],
      "dev": true,
      "optional": true,
      "os": [
        "android"
      ],
      "engines": {
        "node": ">= 10"
      }
    },
    "node_modules/@resvg/resvg-js-android-arm64": {
      "version": "2.6.2",
      "resolved": "https://registry.npmjs.org/@resvg/resvg-js-android-arm64/-/resvg-js-android-arm64-2.6.2.tgz",
      "integrity": "sha512-VcOKezEhm2VqzXpcIJoITuvUS/fcjIw5NA/w3tjzWyzmvoCdd+QXIqy3FBGulWdClvp4g+IfUemigrkLThSjAQ==",
      "cpu": [
        "arm64"
      ],
      "dev": true,
      "optional": true,
      "os": [
        "android"
      ],
      "engines": {
        "node": ">= 10"
      }
    },
    "node_modules/@resvg/resvg-js-darwin-arm64": {
      "version": "2.6.2",
      "resolved": "https://registry.npmjs.org/@resvg/resvg-js-darwin-arm64/-/resvg-js-darwin-arm64-2.6.2.tgz",
      "integrity": "sha512-nmok2LnAd6nLUKI16aEB9ydMC6Lidiiq2m1nEBDR1LaaP7FGs4AJ90qDraxX+CWlVuRlvNjyYJTNv8qFjtL9+A==",
      "cpu": [
        "arm64"
      ],
      "dev": true,
      "optional": true,
      "os": [
        "darwin"
      ],
      "engines": {
        "node": ">= 10"
      }
    },
    "node_modules/@resvg/resvg-js-darwin-x64": {
      "version": "2.6.2",
      "resolved": "https://registry.npmjs.org/@resvg/resvg-js-darwin-x64/-/resvg-js-darwin-x64-2.6.2.tgz",
      "integrity": "sha512-GInyZLjgWDfsVT6+SHxQVRwNzV0AuA1uqGsOAW+0th56J7Nh6bHHKXHBWzUrihxMetcFDmQMAX1tZ1fZDYSRsw==",
      "cpu": [
        "x64"
      ],
      "dev": true,
      "optional": true,
      "os": [
        "darwin"
      ],
      "engines": {
        "node": ">= 10"
      }
    },
    "node_modules/@resvg/resvg-js-linux-arm-gnueabihf": {
      "version": "2.6.2",
      "resolved": "https://registry.npmjs.org/@resvg/resvg-js-linux-arm-gnueabihf/-/resvg-js-linux-arm-gnueabihf-2.6.2.tgz",
      "integrity": "sha512-YIV3u/R9zJbpqTTNwTZM5/ocWetDKGsro0SWp70eGEM9eV2MerWyBRZnQIgzU3YBnSBQ1RcxRZvY/UxwESfZIw==",
      "cpu": [
        "arm"
      ],
      "dev": true,
      "optional": true,
      "os": [
        "linux"
      ],
      "engines": {
        "node": ">= 10"
      }
    },
    "node_modules/@resvg/resvg-js-linux-arm64-gnu": {
      "version": "2.6.2",
      "resolved": "https://registry.npmjs.org/@resvg/resvg-js-linux-arm64-gnu/-/resvg-js-linux-arm64-gnu-2.6.2.tgz",
      "integrity": "sha512-zc2BlJSim7YR4FZDQ8OUoJg5holYzdiYMeobb9pJuGDidGL9KZUv7SbiD4E8oZogtYY42UZEap7dqkkYuA91pg==",
      "cpu": [
        "arm64"
      ],
      "dev": true,
      "optional": true,
      "os": [
        "linux"
      ],
      "engines": {
        "node": ">= 10"
      }
    },
    "node_modules/@resvg/resvg-js-linux-arm64-musl": {
      "version": "2.6.2",
      "resolved": "https://registry.npmjs.org/@resvg/resvg-js-linux-arm64-musl/-/resvg-js-linux-arm64-musl-2.6.2.tgz",
      "integrity": "sha512-3h3dLPWNgSsD4lQBJPb4f+kvdOSJHa5PjTYVsWHxLUzH4IFTJUAnmuWpw4KqyQ3NA5QCyhw4TWgxk3jRkQxEKg==",
      "cpu": [
        "arm64"
      ],
      "dev": true,
      "optional": true,
      "os": [
        "linux"
      ],
      "engines": {
        "node": ">= 10"
      }
    },
    "node_modules/@resvg/resvg-js-linux-x64-gnu": {
      "version": "2.6.2",
      "resolved": "https://registry.npmjs.org/@resvg/resvg-js-linux-x64-gnu/-/resvg-js-linux-x64-gnu-2.6.2.tgz",
      "integrity": "sha512-IVUe+ckIerA7xMZ50duAZzwf1U7khQe2E0QpUxu5MBJNao5RqC0zwV/Zm965vw6D3gGFUl7j4m+oJjubBVoftw==",
      "cpu": [
        "x64"
      ],
      "dev": true,
      "optional": true,
      "os": [
        "linux"
      ],
      "engines": {
        "node": ">= 10"
      }
    },
    "node_modules/@resvg/resvg-js-linux-x64-musl": {
      "version": "2.6.2",
      "resolved": "https://registry.npmjs.org/@resvg/resvg-js-linux-x64-musl/-/resvg-js-linux-x64-musl-2.6.2.tgz",
      "integrity": "sha512-UOf83vqTzoYQO9SZ0fPl2ZIFtNIz/Rr/y+7X8XRX1ZnBYsQ/tTb+cj9TE+KHOdmlTFBxhYzVkP2lRByCzqi4jQ==",
      "cpu": [
        "x64"
      ],
      "dev": true,
      "optional": true,
      "os": [
        "linux"
      ],
      "engines": {
        "node": ">= 10"
      }
    },
    "node_modules/@resvg/resvg-js-win32-arm64-msvc": {
      "version": "2.6.2",
      "resolved": "https://registry.npmjs.org/@resvg/resvg-js-win32-arm64-msvc/-/resvg-js-win32-arm64-msvc-2.6.2.tgz",
      "integrity": "sha512-7C/RSgCa+7vqZ7qAbItfiaAWhyRSoD4l4BQAbVDqRRsRgY+S+hgS3in0Rxr7IorKUpGE69X48q6/nOAuTJQxeQ==",
      "cpu": [
        "arm64"
      ],
      "dev": true,
      "optional": true,
      "os": [
        "win32"
      ],
      "engines": {
        "node": ">= 10"
      }
    },
    "node_modules/@resvg/resvg-js-win32-ia32-msvc": {
      "version": "2.6.2",
      "resolved": "https://registry.npmjs.org/@resvg/resvg-js-win32-ia32-msvc/-/resvg-js-win32-ia32-msvc-2.6.2.tgz",
      "integrity": "sha512-har4aPAlvjnLcil40AC77YDIk6loMawuJwFINEM7n0pZviwMkMvjb2W5ZirsNOZY4aDbo5tLx0wNMREp5Brk+w==",
      "cpu": [
        "ia32"
      ],
      "dev": true,
      "optional": true,
      "os": [
        "win32"
      ],
      "engines": {
        "node": ">= 10"
      }
    },
    "node_modules/@resvg/resvg-js-win32-x64-msvc": {
      "version": "2.6.2",
      "resolved": "https://registry.npmjs.org/@resvg/resvg-js-win32-x64-msvc/-/resvg-js-win32-x64-msvc-2.6.2.tgz",
      "integrity": "sha512-ZXtYhtUr5SSaBrUDq7DiyjOFJqBVL/dOBN7N/qmi/pO0IgiWW/f/ue3nbvu9joWE5aAKDoIzy/CxsY0suwGosQ==",
      "cpu": [
        "x64"
      ],
      "dev": true,
      "optional": true,
      "os": [
        "win32"
      ],
      "engines": {
        "node": ">= 10"
      }
    },
    "node_modules/@thednp/dommatrix": {
      "version": "3.0.4",
      "resolved": "https://registry.npmjs.org/@thednp/dommatrix/-/dommatrix-3.0.4.tgz",
      "integrity": "sha512-xpKtQZqFOuAPfQDbePIh9f48YKfmULV7z9C+anPBSHiOG4P+T3ct7Cx2AZOoUeXbxiDkz7SONANy1bB7p2uysg==",
      "dev": true,
      "engines": {
        "node": ">=20",
        "pnpm": ">=8.6.0"
      }
    },
    "node_modules/@tscircuit/alphabet": {
      "version": "0.0.25",
      "resolved": "https://registry.npmjs.org/@tscircuit/alphabet/-/alphabet-0.0.25.tgz",
      "integrity": "sha512-PWLjptI6AlLEtF/wjN1N8uC+n3G7vtg0j3xKE1fgWHDhahtnlQRqHDrtPSLlkIR9aJjRfjplzLuaUEaCRvJmZA==",
      "dev": true,
      "peer": true,
      "peerDependencies": {
        "typescript": "^5.0.0"
      }
    },
    "node_modules/@tscircuit/circuit-json-util": {
      "version": "0.0.94",
      "resolved": "https://registry.npmjs.org/@tscircuit/circuit-json-util/-/circuit-json-util-0.0.94.tgz",
      "integrity": "sha512-kEYV6LzcZbRuw43IxsZ1cZL2pUx4nF07MYAHHhY9s90UzKYaIYfZ1q11s+F2wNwKecCcSyTUoAwWeqazLQEyVQ==",
      "dev": true,
      "dependencies": {
        "parsel-js": "^1.1.2"
      },
      "peerDependencies": {
        "circuit-json": "*",
        "transformation-matrix": "*",
        "zod": "3"
      }
    },
    "node_modules/@tscircuit/math-utils": {
      "version": "0.0.9",
      "resolved": "https://registry.npmjs.org/@tscircuit/math-utils/-/math-utils-0.0.9.tgz",
      "integrity": "sha512-sPzfXndijet8z29X6f5vnSZddiso2tRg7m6rB+268bVj60mxnxUMD14rKuMlLn6n84fMOpD/X7pRTZUfi6M+Tg==",
      "dev": true,
      "peerDependencies": {
        "typescript": "^5.0.0"
      }
    },
    "node_modules/@types/node": {
      "version": "22.19.17",
      "resolved": "https://registry.npmjs.org/@types/node/-/node-22.19.17.tgz",
      "integrity": "sha512-wGdMcf+vPYM6jikpS/qhg6WiqSV/OhG+jeeHT/KlVqxYfD40iYJf9/AE1uQxVWFvU7MipKRkRv8NSHiCGgPr8Q==",
      "dev": true,
      "dependencies": {
        "undici-types": "~6.21.0"
      }
    },
    "node_modules/bun-types": {
      "version": "1.3.13",
      "resolved": "https://registry.npmjs.org/bun-types/-/bun-types-1.3.13.tgz",
      "integrity": "sha512-QXKeHLlOLqQX9LgYaHJfzdBaV21T63HhFJnvuRCcjZiaUDpbs5ED1MgxbMra71CsryN/1dAoXuJJJwIv/2drVA==",
      "dev": true,
      "dependencies": {
        "@types/node": "*"
      }
    },
    "node_modules/calculate-elbow": {
      "version": "0.0.12",
      "resolved": "https://registry.npmjs.org/calculate-elbow/-/calculate-elbow-0.0.12.tgz",
      "integrity": "sha512-UkGS4EhabJn1WR6+UyoWpcxhKMx6MxM7+rK+3G0JcaPLMiYlvv5pEuc91unC/nH7kLGHV9xsVavhr5jJ50o+HA==",
      "dev": true,
      "peerDependencies": {
        "typescript": "^5"
      }
    },
    "node_modules/circuit-json": {
      "version": "0.0.423",
      "resolved": "https://registry.npmjs.org/circuit-json/-/circuit-json-0.0.423.tgz",
      "integrity": "sha512-aZal6Zj2OCV+5J4qhha2r2Wb23klEjxvx+9Ijxb6dRH2r/chCecibYCChlh2wLf7TfWeQduYPBf0/YIQpMjS2A=="
    },
    "node_modules/circuit-json-to-connectivity-map": {
      "version": "0.0.23",
      "resolved": "https://registry.npmjs.org/circuit-json-to-connectivity-map/-/circuit-json-to-connectivity-map-0.0.23.tgz",
      "integrity": "sha512-DSOiXaXOTvjU+7et8ITXb2LjgKto6cQzLv3hReYdXuUNtLw2GVnpOly1G83VcIBcSQ4hRVHI4VMKRyZB3XVzdg==",
      "dev": true,
      "dependencies": {
        "@tscircuit/math-utils": "^0.0.9"
      },
      "peerDependencies": {
        "typescript": "^5.9.3"
      }
    },
    "node_modules/circuit-to-svg": {
      "version": "0.0.345",
      "resolved": "https://registry.npmjs.org/circuit-to-svg/-/circuit-to-svg-0.0.345.tgz",
      "integrity": "sha512-d+P+AFJhWlt9Bdpk9/0zdBBjPxIRgnJaFsGqW/4CG0vEAY2QNqK/OqSl8i0zpFpM4+tiQdeR0n8h1tsvMMhvkA==",
      "dev": true,
      "dependencies": {
        "@types/node": "^22.5.5",
        "bun-types": "^1.1.40",
        "calculate-elbow": "0.0.12",
        "debug": "^4.4.3",
        "svg-path-commander": "^2.1.11",
        "svgson": "^5.3.1",
        "transformation-matrix": "^2.16.1"
      },
      "peerDependencies": {
        "@tscircuit/alphabet": "*"
      }
    },
    "node_modules/debug": {
      "version": "4.4.3",
      "resolved": "https://registry.npmjs.org/debug/-/debug-4.4.3.tgz",
      "integrity": "sha512-RGwwWnwQvkVfavKVt22FGLw+xYSdzARwm0ru6DhTVA3umU5hZc28V3kO4stgYryrTlLpuvgI9GiijltAjNbcqA==",
      "dev": true,
      "dependencies": {
        "ms": "^2.1.3"
      },
      "engines": {
        "node": ">=6.0"
      },
      "peerDependenciesMeta": {
        "supports-color": {
          "optional": true
        }
      }
    },
    "node_modules/deep-rename-keys": {
      "version": "0.2.1",
      "resolved": "https://registry.npmjs.org/deep-rename-keys/-/deep-rename-keys-0.2.1.tgz",
      "integrity": "sha512-RHd9ABw4Fvk+gYDWqwOftG849x0bYOySl/RgX0tLI9i27ZIeSO91mLZJEp7oPHOMFqHvpgu21YptmDt0FYD/0A==",
      "dev": true,
      "dependencies": {
        "kind-of": "^3.0.2",
        "rename-keys": "^1.1.2"
      },
      "engines": {
        "node": ">=0.10.0"
      }
    },
    "node_modules/eventemitter3": {
      "version": "2.0.3",
      "resolved": "https://registry.npmjs.org/eventemitter3/-/eventemitter3-2.0.3.tgz",
      "integrity": "sha512-jLN68Dx5kyFHaePoXWPsCGW5qdyZQtLYHkxkg02/Mz6g0kYpDx4FyP6XfArhQdlOC4b8Mv+EMxPo/8La7Tzghg==",
      "dev": true
    },
    "node_modules/is-buffer": {
      "version": "1.1.6",
      "resolved": "https://registry.npmjs.org/is-buffer/-/is-buffer-1.1.6.tgz",
      "integrity": "sha512-NcdALwpXkTm5Zvvbk7owOUSvVvBKDgKP5/ewfXEznmQFfs4ZRmanOeKBTjRVjka3QFoN6XJ+9F3USqfHqTaU5w==",
      "dev": true
    },
    "node_modules/kind-of": {
      "version": "3.2.2",
      "resolved": "https://registry.npmjs.org/kind-of/-/kind-of-3.2.2.tgz",
      "integrity": "sha512-NOW9QQXMoZGg/oqnVNoNTTIFEIid1627WCffUBJEdMxYApq7mNE7CpzucIPc+ZQg25Phej7IJSmX3hO+oblOtQ==",
      "dev": true,
      "dependencies": {
        "is-buffer": "^1.1.5"
      },
      "engines": {
        "node": ">=0.10.0"
      }
    },
    "node_modules/ms": {
      "version": "2.1.3",
      "resolved": "https://registry.npmjs.org/ms/-/ms-2.1.3.tgz",
      "integrity": "sha512-6FlzubTLZG3J2a/NVCAleEhjzq5oxgHyaCU9yYXvcLsvoVaHJq/s5xXI6/XXP6tz7R9xAOtHnSO/tXtF3WRTlA==",
      "dev": true
    },
    "node_modules/parsel-js": {
      "version": "1.2.2",
      "resolved": "https://registry.npmjs.org/parsel-js/-/parsel-js-1.2.2.tgz",
      "integrity": "sha512-AVJMlwQ4bL2Y0VvYJGk+Fp7eX4SCH2uFoNApmn4yKWACUewZ+alwW3tyoe1r5Z3aLYQTuAuPZIyGghMfO/Tlxw==",
      "dev": true,
      "funding": [
        {
          "type": "individual",
          "url": "https://github.com/sponsors/LeaVerou"
        },
        {
          "type": "opencollective",
          "url": "https://opencollective.com/leaverou"
        }
      ]
    },
    "node_modules/rename-keys": {
      "version": "1.2.0",
      "resolved": "https://registry.npmjs.org/rename-keys/-/rename-keys-1.2.0.tgz",
      "integrity": "sha512-U7XpAktpbSgHTRSNRrjKSrjYkZKuhUukfoBlXWXUExCAqhzh1TU3BDRAfJmarcl5voKS+pbKU9MvyLWKZ4UEEg==",
      "dev": true,
      "engines": {
        "node": ">= 0.8.0"
      }
    },
    "node_modules/schematic-symbols": {
      "version": "0.0.224",
      "resolved": "https://registry.npmjs.org/schematic-symbols/-/schematic-symbols-0.0.224.tgz",
      "integrity": "sha512-OiR5BMsKtqNo185D8X/GZbll7jBi0d3iKC29mkVpvKIBFEwouGMmkzLtNIpWKolauh9Dt9Q1so6fm3argCkRNw==",
      "dev": true,
      "peerDependencies": {
        "typescript": "^5.5.4"
      }
    },
    "node_modules/svg-path-commander": {
      "version": "2.2.1",
      "resolved": "https://registry.npmjs.org/svg-path-commander/-/svg-path-commander-2.2.1.tgz",
      "integrity": "sha512-hZ9GOFBT/J31fTu3UCj+dZs1w4ZqiGCG/nQpFm1CEQ/EPFj9x3pHXPi6EjYuZmPlua7K8CdFc2+HxndiZ/Q3+g==",
      "dev": true,
      "dependencies": {
        "@thednp/dommatrix": "^3.0.4"
      },
      "engines": {
        "node": ">=16",
        "pnpm": ">=8.6.0"
      }
    },
    "node_modules/svgson": {
      "version": "5.3.1",
      "resolved": "https://registry.npmjs.org/svgson/-/svgson-5.3.1.tgz",
      "integrity": "sha512-qdPgvUNWb40gWktBJnbJRelWcPzkLed/ShhnRsjbayXz8OtdPOzbil9jtiZdrYvSDumAz/VNQr6JaNfPx/gvPA==",
      "dev": true,
      "dependencies": {
        "deep-rename-keys": "^0.2.1",
        "xml-reader": "2.4.3"
      }
    },
    "node_modules/transformation-matrix": {
      "version": "2.16.1",
      "resolved": "https://registry.npmjs.org/transformation-matrix/-/transformation-matrix-2.16.1.tgz",
      "integrity": "sha512-tdtC3wxVEuzU7X/ydL131Q3JU5cPMEn37oqVLITjRDSDsnSHVFzW2JiCLfZLIQEgWzZHdSy3J6bZzvKEN24jGA==",
      "dev": true,
      "funding": {
        "url": "https://github.com/sponsors/chrvadala"
      }
    },
    "node_modules/typescript": {
      "version": "5.9.3",
      "resolved": "https://registry.npmjs.org/typescript/-/typescript-5.9.3.tgz",
      "integrity": "sha512-jl1vZzPDinLr9eUt3J/t7V6FgNEw9QjvBPdysz9KfQDD41fQrC2Y4vKQdiaUpFT4bXlb1RHhLpp8wtm6M5TgSw==",
      "dev": true,
      "peer": true,
      "bin": {
        "tsc": "bin/tsc",
        "tsserver": "bin/tsserver"
      },
      "engines": {
        "node": ">=14.17"
      }
    },
    "node_modules/undici-types": {
      "version": "6.21.0",
      "resolved": "https://registry.npmjs.org/undici-types/-/undici-types-6.21.0.tgz",
      "integrity": "sha512-iwDZqg0QAGrg9Rav5H4n0M64c3mkR59cJ6wQp+7C4nI0gsmExaedaYLNO44eT4AtBBwjbTiGPMlt2Md0T9H9JQ==",
      "dev": true
    },
    "node_modules/xml-lexer": {
      "version": "0.2.2",
      "resolved": "https://registry.npmjs.org/xml-lexer/-/xml-lexer-0.2.2.tgz",
      "integrity": "sha512-G0i98epIwiUEiKmMcavmVdhtymW+pCAohMRgybyIME9ygfVu8QheIi+YoQh3ngiThsT0SQzJT4R0sKDEv8Ou0w==",
      "dev": true,
      "dependencies": {
        "eventemitter3": "^2.0.0"
      }
    },
    "node_modules/xml-reader": {
      "version": "2.4.3",
      "resolved": "https://registry.npmjs.org/xml-reader/-/xml-reader-2.4.3.tgz",
      "integrity": "sha512-xWldrIxjeAMAu6+HSf9t50ot1uL5M+BtOidRCWHXIeewvSeIpscWCsp4Zxjk8kHHhdqFBrfK8U0EJeCcnyQ/gA==",
      "dev": true,
      "dependencies": {
        "eventemitter3": "^2.0.0",
        "xml-lexer": "^0.2.2"
      }
    },
    "node_modules/zod": {
      "version": "3.25.76",
      "resolved": "https://registry.npmjs.org/zod/-/zod-3.25.76.tgz",
      "integrity": "sha512-gzUt/qt81nXsFGKIFcC3YnfEAx5NkunCfnDlvuBSSFS02bcXu4Lmea0AFIUwbLWxWPx3d9p8S5QoaujKcNQxcQ==",
      "funding": {
        "url": "https://github.com/sponsors/colinhacks"
      }
    }
  }
}
